
Microsoft Visual Studio Solution File, Format Version 12.00
# Visual Studio for Mac
Project("{FAE04EC0-301F-11D3-BF4B-00C04F79EFBC}") = "CubeVideo", "Assembly-CSharp.csproj", "{67467326-D356-31F0-3D7F-D173FC60D393}"
EndProject
Global
	GlobalSection(SolutionConfigurationPlatforms) = preSolution
		Debug|Any CPU = Debug|Any CPU
		Release|Any CPU = Release|Any CPU
	EndGlobalSection
	GlobalSection(ProjectConfigurationPlatforms) = postSolution
		{67467326-D356-31F0-3D7F-D173FC60D393}.Debug|Any CPU.ActiveCfg = Debug|Any CPU
		{67467326-D356-31F0-3D7F-D173FC60D393}.Debug|Any CPU.Build.0 = Debug|Any CPU
		{67467326-D356-31F0-3D7F-D173FC60D393}.Release|Any CPU.ActiveCfg = Release|Any CPU
		{67467326-D356-31F0-3D7F-D173FC60D393}.Release|Any CPU.Build.0 = Release|Any CPU
	EndGlobalSection
	GlobalSection(SolutionProperties) = preSolution
		HideSolutionNode = FALSE
	EndGlobalSection
EndGlobal
