
Microsoft Visual Studio Solution File, Format Version 12.00
# Visual Studio 15
Project("{FAE04EC0-301F-11D3-BF4B-00C04F79EFBC}") = "Unity-Cube-Simulator-3x3x3", "Assembly-CSharp.csproj", "{184916F2-9057-89BF-076C-ABF01866075A}"
EndProject
Project("{FAE04EC0-301F-11D3-BF4B-00C04F79EFBC}") = "Tests", "..\Tests\Tests.csproj", "{30562D0D-CE0B-4B5D-A054-0BB652C865D2}"
EndProject
Global
	GlobalSection(SolutionConfigurationPlatforms) = preSolution
		Debug|Any CPU = Debug|Any CPU
		Release|Any CPU = Release|Any CPU
	EndGlobalSection
	GlobalSection(ProjectConfigurationPlatforms) = postSolution
		{184916F2-9057-89BF-076C-ABF01866075A}.Debug|Any CPU.ActiveCfg = Debug|Any CPU
		{184916F2-9057-89BF-076C-ABF01866075A}.Debug|Any CPU.Build.0 = Debug|Any CPU
		{184916F2-9057-89BF-076C-ABF01866075A}.Release|Any CPU.ActiveCfg = Release|Any CPU
		{184916F2-9057-89BF-076C-ABF01866075A}.Release|Any CPU.Build.0 = Release|Any CPU
		{30562D0D-CE0B-4B5D-A054-0BB652C865D2}.Debug|Any CPU.ActiveCfg = Debug|Any CPU
		{30562D0D-CE0B-4B5D-A054-0BB652C865D2}.Debug|Any CPU.Build.0 = Debug|Any CPU
		{30562D0D-CE0B-4B5D-A054-0BB652C865D2}.Release|Any CPU.ActiveCfg = Release|Any CPU
		{30562D0D-CE0B-4B5D-A054-0BB652C865D2}.Release|Any CPU.Build.0 = Release|Any CPU
	EndGlobalSection
	GlobalSection(SolutionProperties) = preSolution
		HideSolutionNode = FALSE
	EndGlobalSection
EndGlobal
